
Microsoft Visual Studio Solution File, Format Version 12.00
# Visual Studio 14
VisualStudioVersion = 14.0.25123.0
MinimumVisualStudioVersion = 10.0.40219.1
Project("{2150E333-8FDC-42A3-9474-1A3956D46DE8}") = "BazaarDemo.BackEnd", "BazaarDemo.BackEnd", "{C460844D-21E2-46BB-883E-4DA2BB2FA390}"
EndProject
Project("{2150E333-8FDC-42A3-9474-1A3956D46DE8}") = "BazaarDemo.FrontEnd", "BazaarDemo.FrontEnd", "{872EC17E-3F46-44E2-8B10-6785B409CA57}"
EndProject
Project("{FAE04EC0-301F-11D3-BF4B-00C04F79EFBC}") = "BazaarDemo.BackEnd.Domain", "BazaarDemo.BackEnd.Domain\BazaarDemo.BackEnd.Domain.csproj", "{9FB65223-081C-446E-8512-F9A5C0FB0764}"
EndProject
Project("{FAE04EC0-301F-11D3-BF4B-00C04F79EFBC}") = "BazaarDemo.BackEnd.Domain.Models", "BazaarDemo.BackEnd.Domain.Models\BazaarDemo.BackEnd.Domain.Models.csproj", "{923A43F6-B41C-4D0F-8DD0-58B1293EEEBF}"
EndProject
Project("{FAE04EC0-301F-11D3-BF4B-00C04F79EFBC}") = "BazaarDemo.BackEnd.Domain.Services", "BazaarDemo.BackEnd.Domain.Services\BazaarDemo.BackEnd.Domain.Services.csproj", "{8C7FB1CF-24A0-48D0-942F-0C632ECE219B}"
EndProject
Project("{FAE04EC0-301F-11D3-BF4B-00C04F79EFBC}") = "BazaarDemo.BackEnd.Infrastructure.DataBase", "BazaarDemo.BackEnd.Infrastructure.DataBase\BazaarDemo.BackEnd.Infrastructure.DataBase.csproj", "{6D459739-63A1-48B5-BEDE-4390354C3191}"
EndProject
Project("{FAE04EC0-301F-11D3-BF4B-00C04F79EFBC}") = "BazaarDemo.BackEnd.Infrastructure.OData", "BazaarDemo.BackEnd.Infrastructure.OData\BazaarDemo.BackEnd.Infrastructure.OData.csproj", "{6941646E-2BE3-458E-8277-FE2F9A9C4054}"
EndProject
Project("{FAE04EC0-301F-11D3-BF4B-00C04F79EFBC}") = "BazaarDemo.FrontEnd.ConsoleApp", "BazaarDemo.FrontEnd.ConsoleApp\BazaarDemo.FrontEnd.ConsoleApp.csproj", "{9172DEC4-D9F2-448B-958D-02124708F172}"
	ProjectSection(ProjectDependencies) = postProject
		{63916AE9-C253-41F4-87D2-597718D9D575} = {63916AE9-C253-41F4-87D2-597718D9D575}
	EndProjectSection
EndProject
Project("{FAE04EC0-301F-11D3-BF4B-00C04F79EFBC}") = "BazaarDemo.BackEnd.Infrastructure.WCF.DS", "BazaarDemo.BackEnd.Infrastructure.WCF.DS\BazaarDemo.BackEnd.Infrastructure.WCF.DS.csproj", "{63916AE9-C253-41F4-87D2-597718D9D575}"
EndProject
Project("{2150E333-8FDC-42A3-9474-1A3956D46DE8}") = "BazaarDemo.Global", "BazaarDemo.Global", "{2F0B23BD-708B-42D8-A831-D6729BCB25F4}"
EndProject
Project("{FAE04EC0-301F-11D3-BF4B-00C04F79EFBC}") = "BazaarDemo.Global", "BazaarDemo.Global\BazaarDemo.Global.csproj", "{591CEF58-EA0B-447C-B6B1-92491DFAD411}"
EndProject
Global
	GlobalSection(SolutionConfigurationPlatforms) = preSolution
		Debug|Any CPU = Debug|Any CPU
		Release|Any CPU = Release|Any CPU
	EndGlobalSection
	GlobalSection(ProjectConfigurationPlatforms) = postSolution
		{9FB65223-081C-446E-8512-F9A5C0FB0764}.Debug|Any CPU.ActiveCfg = Debug|Any CPU
		{9FB65223-081C-446E-8512-F9A5C0FB0764}.Debug|Any CPU.Build.0 = Debug|Any CPU
		{9FB65223-081C-446E-8512-F9A5C0FB0764}.Release|Any CPU.ActiveCfg = Release|Any CPU
		{9FB65223-081C-446E-8512-F9A5C0FB0764}.Release|Any CPU.Build.0 = Release|Any CPU
		{923A43F6-B41C-4D0F-8DD0-58B1293EEEBF}.Debug|Any CPU.ActiveCfg = Debug|Any CPU
		{923A43F6-B41C-4D0F-8DD0-58B1293EEEBF}.Debug|Any CPU.Build.0 = Debug|Any CPU
		{923A43F6-B41C-4D0F-8DD0-58B1293EEEBF}.Release|Any CPU.ActiveCfg = Release|Any CPU
		{923A43F6-B41C-4D0F-8DD0-58B1293EEEBF}.Release|Any CPU.Build.0 = Release|Any CPU
		{8C7FB1CF-24A0-48D0-942F-0C632ECE219B}.Debug|Any CPU.ActiveCfg = Debug|Any CPU
		{8C7FB1CF-24A0-48D0-942F-0C632ECE219B}.Debug|Any CPU.Build.0 = Debug|Any CPU
		{8C7FB1CF-24A0-48D0-942F-0C632ECE219B}.Release|Any CPU.ActiveCfg = Release|Any CPU
		{8C7FB1CF-24A0-48D0-942F-0C632ECE219B}.Release|Any CPU.Build.0 = Release|Any CPU
		{6D459739-63A1-48B5-BEDE-4390354C3191}.Debug|Any CPU.ActiveCfg = Debug|Any CPU
		{6D459739-63A1-48B5-BEDE-4390354C3191}.Debug|Any CPU.Build.0 = Debug|Any CPU
		{6D459739-63A1-48B5-BEDE-4390354C3191}.Release|Any CPU.ActiveCfg = Release|Any CPU
		{6D459739-63A1-48B5-BEDE-4390354C3191}.Release|Any CPU.Build.0 = Release|Any CPU
		{6941646E-2BE3-458E-8277-FE2F9A9C4054}.Debug|Any CPU.ActiveCfg = Debug|Any CPU
		{6941646E-2BE3-458E-8277-FE2F9A9C4054}.Debug|Any CPU.Build.0 = Debug|Any CPU
		{6941646E-2BE3-458E-8277-FE2F9A9C4054}.Release|Any CPU.ActiveCfg = Release|Any CPU
		{6941646E-2BE3-458E-8277-FE2F9A9C4054}.Release|Any CPU.Build.0 = Release|Any CPU
		{9172DEC4-D9F2-448B-958D-02124708F172}.Debug|Any CPU.ActiveCfg = Debug|Any CPU
		{9172DEC4-D9F2-448B-958D-02124708F172}.Debug|Any CPU.Build.0 = Debug|Any CPU
		{9172DEC4-D9F2-448B-958D-02124708F172}.Release|Any CPU.ActiveCfg = Release|Any CPU
		{9172DEC4-D9F2-448B-958D-02124708F172}.Release|Any CPU.Build.0 = Release|Any CPU
		{63916AE9-C253-41F4-87D2-597718D9D575}.Debug|Any CPU.ActiveCfg = Debug|Any CPU
		{63916AE9-C253-41F4-87D2-597718D9D575}.Debug|Any CPU.Build.0 = Debug|Any CPU
		{63916AE9-C253-41F4-87D2-597718D9D575}.Release|Any CPU.ActiveCfg = Release|Any CPU
		{63916AE9-C253-41F4-87D2-597718D9D575}.Release|Any CPU.Build.0 = Release|Any CPU
		{591CEF58-EA0B-447C-B6B1-92491DFAD411}.Debug|Any CPU.ActiveCfg = Debug|Any CPU
		{591CEF58-EA0B-447C-B6B1-92491DFAD411}.Debug|Any CPU.Build.0 = Debug|Any CPU
		{591CEF58-EA0B-447C-B6B1-92491DFAD411}.Release|Any CPU.ActiveCfg = Release|Any CPU
		{591CEF58-EA0B-447C-B6B1-92491DFAD411}.Release|Any CPU.Build.0 = Release|Any CPU
	EndGlobalSection
	GlobalSection(SolutionProperties) = preSolution
		HideSolutionNode = FALSE
	EndGlobalSection
	GlobalSection(NestedProjects) = preSolution
		{9FB65223-081C-446E-8512-F9A5C0FB0764} = {C460844D-21E2-46BB-883E-4DA2BB2FA390}
		{923A43F6-B41C-4D0F-8DD0-58B1293EEEBF} = {C460844D-21E2-46BB-883E-4DA2BB2FA390}
		{8C7FB1CF-24A0-48D0-942F-0C632ECE219B} = {C460844D-21E2-46BB-883E-4DA2BB2FA390}
		{6D459739-63A1-48B5-BEDE-4390354C3191} = {C460844D-21E2-46BB-883E-4DA2BB2FA390}
		{6941646E-2BE3-458E-8277-FE2F9A9C4054} = {C460844D-21E2-46BB-883E-4DA2BB2FA390}
		{9172DEC4-D9F2-448B-958D-02124708F172} = {872EC17E-3F46-44E2-8B10-6785B409CA57}
		{63916AE9-C253-41F4-87D2-597718D9D575} = {C460844D-21E2-46BB-883E-4DA2BB2FA390}
		{591CEF58-EA0B-447C-B6B1-92491DFAD411} = {2F0B23BD-708B-42D8-A831-D6729BCB25F4}
	EndGlobalSection
EndGlobal
